
Microsoft Visual Studio Solution File, Format Version 12.00
# Visual Studio Version 16
VisualStudioVersion = 16.0.29709.97
MinimumVisualStudioVersion = 15.0.26124.0
Project("{FAE04EC0-301F-11D3-BF4B-00C04F79EFBC}") = "PSTI", "PSTI\PSTI.csproj", "{E054A8FE-E2DF-4685-993F-A1D94B2DC745}"
EndProject
Project("{FAE04EC0-301F-11D3-BF4B-00C04F79EFBC}") = "PSTI.Admin", "PSTI.Admin\PSTI.Admin.csproj", "{BA9CFE2C-C720-4D1A-8527-09F3772E44CC}"
EndProject
Global
	GlobalSection(SolutionConfigurationPlatforms) = preSolution
		Debug|Any CPU = Debug|Any CPU
		Debug|x64 = Debug|x64
		Debug|x86 = Debug|x86
		Release|Any CPU = Release|Any CPU
		Release|x64 = Release|x64
		Release|x86 = Release|x86
	EndGlobalSection
	GlobalSection(ProjectConfigurationPlatforms) = postSolution
		{E054A8FE-E2DF-4685-993F-A1D94B2DC745}.Debug|Any CPU.ActiveCfg = Debug|Any CPU
		{E054A8FE-E2DF-4685-993F-A1D94B2DC745}.Debug|Any CPU.Build.0 = Debug|Any CPU
		{E054A8FE-E2DF-4685-993F-A1D94B2DC745}.Debug|x64.ActiveCfg = Debug|Any CPU
		{E054A8FE-E2DF-4685-993F-A1D94B2DC745}.Debug|x64.Build.0 = Debug|Any CPU
		{E054A8FE-E2DF-4685-993F-A1D94B2DC745}.Debug|x86.ActiveCfg = Debug|Any CPU
		{E054A8FE-E2DF-4685-993F-A1D94B2DC745}.Debug|x86.Build.0 = Debug|Any CPU
		{E054A8FE-E2DF-4685-993F-A1D94B2DC745}.Release|Any CPU.ActiveCfg = Release|Any CPU
		{E054A8FE-E2DF-4685-993F-A1D94B2DC745}.Release|Any CPU.Build.0 = Release|Any CPU
		{E054A8FE-E2DF-4685-993F-A1D94B2DC745}.Release|x64.ActiveCfg = Release|Any CPU
		{E054A8FE-E2DF-4685-993F-A1D94B2DC745}.Release|x64.Build.0 = Release|Any CPU
		{E054A8FE-E2DF-4685-993F-A1D94B2DC745}.Release|x86.ActiveCfg = Release|Any CPU
		{E054A8FE-E2DF-4685-993F-A1D94B2DC745}.Release|x86.Build.0 = Release|Any CPU
		{BA9CFE2C-C720-4D1A-8527-09F3772E44CC}.Debug|Any CPU.ActiveCfg = Debug|Any CPU
		{BA9CFE2C-C720-4D1A-8527-09F3772E44CC}.Debug|Any CPU.Build.0 = Debug|Any CPU
		{BA9CFE2C-C720-4D1A-8527-09F3772E44CC}.Debug|x64.ActiveCfg = Debug|Any CPU
		{BA9CFE2C-C720-4D1A-8527-09F3772E44CC}.Debug|x64.Build.0 = Debug|Any CPU
		{BA9CFE2C-C720-4D1A-8527-09F3772E44CC}.Debug|x86.ActiveCfg = Debug|Any CPU
		{BA9CFE2C-C720-4D1A-8527-09F3772E44CC}.Debug|x86.Build.0 = Debug|Any CPU
		{BA9CFE2C-C720-4D1A-8527-09F3772E44CC}.Release|Any CPU.ActiveCfg = Release|Any CPU
		{BA9CFE2C-C720-4D1A-8527-09F3772E44CC}.Release|Any CPU.Build.0 = Release|Any CPU
		{BA9CFE2C-C720-4D1A-8527-09F3772E44CC}.Release|x64.ActiveCfg = Release|Any CPU
		{BA9CFE2C-C720-4D1A-8527-09F3772E44CC}.Release|x64.Build.0 = Release|Any CPU
		{BA9CFE2C-C720-4D1A-8527-09F3772E44CC}.Release|x86.ActiveCfg = Release|Any CPU
		{BA9CFE2C-C720-4D1A-8527-09F3772E44CC}.Release|x86.Build.0 = Release|Any CPU
	EndGlobalSection
	GlobalSection(SolutionProperties) = preSolution
		HideSolutionNode = FALSE
	EndGlobalSection
	GlobalSection(ExtensibilityGlobals) = postSolution
		SolutionGuid = {F6ED9F6B-31F5-4976-8982-D970B1B7A116}
	EndGlobalSection
EndGlobal
